
Microsoft Visual Studio Solution File, Format Version 12.00
# Visual Studio Version 16
VisualStudioVersion = 16.0.31702.278
MinimumVisualStudioVersion = 10.0.40219.1
Project("{FAE04EC0-301F-11D3-BF4B-00C04F79EFBC}") = "WebAPI01", "WebAPI01.csproj", "{979E56A2-30F4-4632-A802-CB448167D363}"
EndProject
Global
	GlobalSection(SolutionConfigurationPlatforms) = preSolution
		Debug|Any CPU = Debug|Any CPU
		Release|Any CPU = Release|Any CPU
	EndGlobalSection
	GlobalSection(ProjectConfigurationPlatforms) = postSolution
		{979E56A2-30F4-4632-A802-CB448167D363}.Debug|Any CPU.ActiveCfg = Debug|Any CPU
		{979E56A2-30F4-4632-A802-CB448167D363}.Debug|Any CPU.Build.0 = Debug|Any CPU
		{979E56A2-30F4-4632-A802-CB448167D363}.Release|Any CPU.ActiveCfg = Release|Any CPU
		{979E56A2-30F4-4632-A802-CB448167D363}.Release|Any CPU.Build.0 = Release|Any CPU
	EndGlobalSection
	GlobalSection(SolutionProperties) = preSolution
		HideSolutionNode = FALSE
	EndGlobalSection
	GlobalSection(ExtensibilityGlobals) = postSolution
		SolutionGuid = {7B1E693E-28C9-48B2-AC1F-C2A55B27B8DF}
	EndGlobalSection
EndGlobal
